{
  "requires": true,
  "lockfileVersion": 1,
  "dependencies": {
    "ccz": {
      "version": "0.0.0",
      "resolved": "https://registry.npmjs.org/ccz/-/ccz-0.0.0.tgz",
      "integrity": "sha512-5gbzCZtAlw5o/CK+K+TXcf3/Ng+xzyJuM8Ia+1eDqkFtE2Ud9Hg2QC5n9M4w/tW1hbiy0l8HsiZszuR3v2/oPg=="
    }
  }
}
